
Microsoft Visual Studio Solution File, Format Version 12.00
# Visual Studio Version 17
VisualStudioVersion = 17.5.33516.290
MinimumVisualStudioVersion = 10.0.40219.1
Project("{FAE04EC0-301F-11D3-BF4B-00C04F79EFBC}") = "PEAS", "PEAS\PEAS.csproj", "{56D1D9DC-F8E4-4C8E-B0F0-682983DC5228}"
EndProject
Global
	GlobalSection(SolutionConfigurationPlatforms) = preSolution
		Debug|Any CPU = Debug|Any CPU
		Release|Any CPU = Release|Any CPU
	EndGlobalSection
	GlobalSection(ProjectConfigurationPlatforms) = postSolution
		{56D1D9DC-F8E4-4C8E-B0F0-682983DC5228}.Debug|Any CPU.ActiveCfg = Debug|Any CPU
		{56D1D9DC-F8E4-4C8E-B0F0-682983DC5228}.Debug|Any CPU.Build.0 = Debug|Any CPU
		{56D1D9DC-F8E4-4C8E-B0F0-682983DC5228}.Release|Any CPU.ActiveCfg = Release|Any CPU
		{56D1D9DC-F8E4-4C8E-B0F0-682983DC5228}.Release|Any CPU.Build.0 = Release|Any CPU
	EndGlobalSection
	GlobalSection(SolutionProperties) = preSolution
		HideSolutionNode = FALSE
	EndGlobalSection
	GlobalSection(ExtensibilityGlobals) = postSolution
		SolutionGuid = {5ACE96B8-60D2-4906-96D6-D5AC0604B620}
	EndGlobalSection
EndGlobal
